// !$*UTF8*$!
{
	archiveVersion = 1;
	classes = {
	};
	objectVersion = 56;
	objects = {

/* Begin PBXBuildFile section */
		8C36F4982C1F5C780080F698 /* LiveVehicleAnnotationContent.swift in Sources */ = {isa = PBXBuildFile; fileRef = 8C36F4972C1F5C780080F698 /* LiveVehicleAnnotationContent.swift */; };
		8C36F49A2C1F60EC0080F698 /* VehicleType.swift in Sources */ = {isa = PBXBuildFile; fileRef = 8C36F4992C1F60EC0080F698 /* VehicleType.swift */; };
		8C36F49F2C1F6B890080F698 /* UILiveBus.swift in Sources */ = {isa = PBXBuildFile; fileRef = 8C36F49E2C1F6B890080F698 /* UILiveBus.swift */; };
		8C36F4A12C1F6BA00080F698 /* UILiveTram.swift in Sources */ = {isa = PBXBuildFile; fileRef = 8C36F4A02C1F6BA00080F698 /* UILiveTram.swift */; };
		8C36F4A32C1F6BC70080F698 /* UILiveSubway.swift in Sources */ = {isa = PBXBuildFile; fileRef = 8C36F4A22C1F6BC70080F698 /* UILiveSubway.swift */; };
		8C36F4A52C1F6CB10080F698 /* SubwayLine.swift in Sources */ = {isa = PBXBuildFile; fileRef = 8C36F4A42C1F6CB10080F698 /* SubwayLine.swift */; };
		8C36F4A72C1F6DFC0080F698 /* UILiveTrain.swift in Sources */ = {isa = PBXBuildFile; fileRef = 8C36F4A62C1F6DFC0080F698 /* UILiveTrain.swift */; };
		8C36F4A92C1F6E4D0080F698 /* UILiveVehicle.swift in Sources */ = {isa = PBXBuildFile; fileRef = 8C36F4A82C1F6E4D0080F698 /* UILiveVehicle.swift */; };
		8CFCDE8A2C14A49900F934B0 /* WarsawTransitApp.swift in Sources */ = {isa = PBXBuildFile; fileRef = 8CFCDE892C14A49900F934B0 /* WarsawTransitApp.swift */; };
		8CFCDE8C2C14A49900F934B0 /* ContentView.swift in Sources */ = {isa = PBXBuildFile; fileRef = 8CFCDE8B2C14A49900F934B0 /* ContentView.swift */; };
		8CFCDE8E2C14A49A00F934B0 /* Assets.xcassets in Resources */ = {isa = PBXBuildFile; fileRef = 8CFCDE8D2C14A49A00F934B0 /* Assets.xcassets */; };
		8CFCDE922C14A49A00F934B0 /* Preview Assets.xcassets in Resources */ = {isa = PBXBuildFile; fileRef = 8CFCDE912C14A49A00F934B0 /* Preview Assets.xcassets */; };
/* End PBXBuildFile section */

/* Begin PBXFileReference section */
		8C36F4972C1F5C780080F698 /* LiveVehicleAnnotationContent.swift */ = {isa = PBXFileReference; lastKnownFileType = sourcecode.swift; path = LiveVehicleAnnotationContent.swift; sourceTree = "<group>"; };
		8C36F4992C1F60EC0080F698 /* VehicleType.swift */ = {isa = PBXFileReference; lastKnownFileType = sourcecode.swift; path = VehicleType.swift; sourceTree = "<group>"; };
		8C36F49E2C1F6B890080F698 /* UILiveBus.swift */ = {isa = PBXFileReference; lastKnownFileType = sourcecode.swift; path = UILiveBus.swift; sourceTree = "<group>"; };
		8C36F4A02C1F6BA00080F698 /* UILiveTram.swift */ = {isa = PBXFileReference; lastKnownFileType = sourcecode.swift; path = UILiveTram.swift; sourceTree = "<group>"; };
		8C36F4A22C1F6BC70080F698 /* UILiveSubway.swift */ = {isa = PBXFileReference; lastKnownFileType = sourcecode.swift; path = UILiveSubway.swift; sourceTree = "<group>"; };
		8C36F4A42C1F6CB10080F698 /* SubwayLine.swift */ = {isa = PBXFileReference; lastKnownFileType = sourcecode.swift; path = SubwayLine.swift; sourceTree = "<group>"; };
		8C36F4A62C1F6DFC0080F698 /* UILiveTrain.swift */ = {isa = PBXFileReference; lastKnownFileType = sourcecode.swift; path = UILiveTrain.swift; sourceTree = "<group>"; };
		8C36F4A82C1F6E4D0080F698 /* UILiveVehicle.swift */ = {isa = PBXFileReference; lastKnownFileType = sourcecode.swift; path = UILiveVehicle.swift; sourceTree = "<group>"; };
		8CFCDE862C14A49900F934B0 /* WarsawTransit.app */ = {isa = PBXFileReference; explicitFileType = wrapper.application; includeInIndex = 0; path = WarsawTransit.app; sourceTree = BUILT_PRODUCTS_DIR; };
		8CFCDE892C14A49900F934B0 /* WarsawTransitApp.swift */ = {isa = PBXFileReference; lastKnownFileType = sourcecode.swift; path = WarsawTransitApp.swift; sourceTree = "<group>"; };
		8CFCDE8B2C14A49900F934B0 /* ContentView.swift */ = {isa = PBXFileReference; lastKnownFileType = sourcecode.swift; path = ContentView.swift; sourceTree = "<group>"; };
		8CFCDE8D2C14A49A00F934B0 /* Assets.xcassets */ = {isa = PBXFileReference; lastKnownFileType = folder.assetcatalog; path = Assets.xcassets; sourceTree = "<group>"; };
		8CFCDE8F2C14A49A00F934B0 /* WarsawTransit.entitlements */ = {isa = PBXFileReference; lastKnownFileType = text.plist.entitlements; path = WarsawTransit.entitlements; sourceTree = "<group>"; };
		8CFCDE912C14A49A00F934B0 /* Preview Assets.xcassets */ = {isa = PBXFileReference; lastKnownFileType = folder.assetcatalog; path = "Preview Assets.xcassets"; sourceTree = "<group>"; };
/* End PBXFileReference section */

/* Begin PBXFrameworksBuildPhase section */
		8CFCDE832C14A49900F934B0 /* Frameworks */ = {
			isa = PBXFrameworksBuildPhase;
			buildActionMask = 2147483647;
			files = (
			);
			runOnlyForDeploymentPostprocessing = 0;
		};
/* End PBXFrameworksBuildPhase section */

/* Begin PBXGroup section */
		8C36F49B2C1F60F00080F698 /* Enum */ = {
			isa = PBXGroup;
			children = (
				8C36F4992C1F60EC0080F698 /* VehicleType.swift */,
				8C36F4A42C1F6CB10080F698 /* SubwayLine.swift */,
			);
			path = Enum;
			sourceTree = "<group>";
		};
		8C36F49C2C1F6B2F0080F698 /* Protocol */ = {
			isa = PBXGroup;
			children = (
				8C36F4A82C1F6E4D0080F698 /* UILiveVehicle.swift */,
			);
			path = Protocol;
			sourceTree = "<group>";
		};
		8C36F49D2C1F6B790080F698 /* Model */ = {
			isa = PBXGroup;
			children = (
				8C36F49E2C1F6B890080F698 /* UILiveBus.swift */,
				8C36F4A02C1F6BA00080F698 /* UILiveTram.swift */,
				8C36F4A22C1F6BC70080F698 /* UILiveSubway.swift */,
				8C36F4A62C1F6DFC0080F698 /* UILiveTrain.swift */,
			);
			path = Model;
			sourceTree = "<group>";
		};
		8CFCDE7D2C14A49900F934B0 = {
			isa = PBXGroup;
			children = (
				8CFCDE882C14A49900F934B0 /* WarsawTransit */,
				8CFCDE872C14A49900F934B0 /* Products */,
			);
			sourceTree = "<group>";
		};
		8CFCDE872C14A49900F934B0 /* Products */ = {
			isa = PBXGroup;
			children = (
				8CFCDE862C14A49900F934B0 /* WarsawTransit.app */,
			);
			name = Products;
			sourceTree = "<group>";
		};
		8CFCDE882C14A49900F934B0 /* WarsawTransit */ = {
			isa = PBXGroup;
			children = (
				8C36F49D2C1F6B790080F698 /* Model */,
				8C36F49C2C1F6B2F0080F698 /* Protocol */,
				8C36F49B2C1F60F00080F698 /* Enum */,
				8CFCDE892C14A49900F934B0 /* WarsawTransitApp.swift */,
				8CFCDE8B2C14A49900F934B0 /* ContentView.swift */,
				8CFCDE8D2C14A49A00F934B0 /* Assets.xcassets */,
				8CFCDE8F2C14A49A00F934B0 /* WarsawTransit.entitlements */,
				8CFCDE902C14A49A00F934B0 /* Preview Content */,
				8C36F4972C1F5C780080F698 /* LiveVehicleAnnotationContent.swift */,
			);
			path = WarsawTransit;
			sourceTree = "<group>";
		};
		8CFCDE902C14A49A00F934B0 /* Preview Content */ = {
			isa = PBXGroup;
			children = (
				8CFCDE912C14A49A00F934B0 /* Preview Assets.xcassets */,
			);
			path = "Preview Content";
			sourceTree = "<group>";
		};
/* End PBXGroup section */

/* Begin PBXNativeTarget section */
		8CFCDE852C14A49900F934B0 /* WarsawTransit */ = {
			isa = PBXNativeTarget;
			buildConfigurationList = 8CFCDE952C14A49A00F934B0 /* Build configuration list for PBXNativeTarget "WarsawTransit" */;
			buildPhases = (
				8CFCDE822C14A49900F934B0 /* Sources */,
				8CFCDE832C14A49900F934B0 /* Frameworks */,
				8CFCDE842C14A49900F934B0 /* Resources */,
			);
			buildRules = (
			);
			dependencies = (
			);
			name = WarsawTransit;
			productName = WarsawTransit;
			productReference = 8CFCDE862C14A49900F934B0 /* WarsawTransit.app */;
			productType = "com.apple.product-type.application";
		};
/* End PBXNativeTarget section */

/* Begin PBXProject section */
		8CFCDE7E2C14A49900F934B0 /* Project object */ = {
			isa = PBXProject;
			attributes = {
				BuildIndependentTargetsInParallel = 1;
				LastSwiftUpdateCheck = 1510;
				LastUpgradeCheck = 1510;
				TargetAttributes = {
					8CFCDE852C14A49900F934B0 = {
						CreatedOnToolsVersion = 15.1;
					};
				};
			};
			buildConfigurationList = 8CFCDE812C14A49900F934B0 /* Build configuration list for PBXProject "WarsawTransit" */;
			compatibilityVersion = "Xcode 14.0";
			developmentRegion = en;
			hasScannedForEncodings = 0;
			knownRegions = (
				en,
				Base,
			);
			mainGroup = 8CFCDE7D2C14A49900F934B0;
			productRefGroup = 8CFCDE872C14A49900F934B0 /* Products */;
			projectDirPath = "";
			projectRoot = "";
			targets = (
				8CFCDE852C14A49900F934B0 /* WarsawTransit */,
			);
		};
/* End PBXProject section */

/* Begin PBXResourcesBuildPhase section */
		8CFCDE842C14A49900F934B0 /* Resources */ = {
			isa = PBXResourcesBuildPhase;
			buildActionMask = 2147483647;
			files = (
				8CFCDE922C14A49A00F934B0 /* Preview Assets.xcassets in Resources */,
				8CFCDE8E2C14A49A00F934B0 /* Assets.xcassets in Resources */,
			);
			runOnlyForDeploymentPostprocessing = 0;
		};
/* End PBXResourcesBuildPhase section */

/* Begin PBXSourcesBuildPhase section */
		8CFCDE822C14A49900F934B0 /* Sources */ = {
			isa = PBXSourcesBuildPhase;
			buildActionMask = 2147483647;
			files = (
				8CFCDE8C2C14A49900F934B0 /* ContentView.swift in Sources */,
				8C36F4A12C1F6BA00080F698 /* UILiveTram.swift in Sources */,
				8C36F4A32C1F6BC70080F698 /* UILiveSubway.swift in Sources */,
				8C36F49A2C1F60EC0080F698 /* VehicleType.swift in Sources */,
				8CFCDE8A2C14A49900F934B0 /* WarsawTransitApp.swift in Sources */,
				8C36F4A72C1F6DFC0080F698 /* UILiveTrain.swift in Sources */,
				8C36F4A92C1F6E4D0080F698 /* UILiveVehicle.swift in Sources */,
				8C36F49F2C1F6B890080F698 /* UILiveBus.swift in Sources */,
				8C36F4A52C1F6CB10080F698 /* SubwayLine.swift in Sources */,
				8C36F4982C1F5C780080F698 /* LiveVehicleAnnotationContent.swift in Sources */,
			);
			runOnlyForDeploymentPostprocessing = 0;
		};
/* End PBXSourcesBuildPhase section */

/* Begin XCBuildConfiguration section */
		8CFCDE932C14A49A00F934B0 /* Debug */ = {
			isa = XCBuildConfiguration;
			buildSettings = {
				ALWAYS_SEARCH_USER_PATHS = NO;
				ASSETCATALOG_COMPILER_GENERATE_SWIFT_ASSET_SYMBOL_EXTENSIONS = YES;
				CLANG_ANALYZER_NONNULL = YES;
				CLANG_ANALYZER_NUMBER_OBJECT_CONVERSION = YES_AGGRESSIVE;
				CLANG_CXX_LANGUAGE_STANDARD = "gnu++20";
				CLANG_ENABLE_MODULES = YES;
				CLANG_ENABLE_OBJC_ARC = YES;
				CLANG_ENABLE_OBJC_WEAK = YES;
				CLANG_WARN_BLOCK_CAPTURE_AUTORELEASING = YES;
				CLANG_WARN_BOOL_CONVERSION = YES;
				CLANG_WARN_COMMA = YES;
				CLANG_WARN_CONSTANT_CONVERSION = YES;
				CLANG_WARN_DEPRECATED_OBJC_IMPLEMENTATIONS = YES;
				CLANG_WARN_DIRECT_OBJC_ISA_USAGE = YES_ERROR;
				CLANG_WARN_DOCUMENTATION_COMMENTS = YES;
				CLANG_WARN_EMPTY_BODY = YES;
				CLANG_WARN_ENUM_CONVERSION = YES;
				CLANG_WARN_INFINITE_RECURSION = YES;
				CLANG_WARN_INT_CONVERSION = YES;
				CLANG_WARN_NON_LITERAL_NULL_CONVERSION = YES;
				CLANG_WARN_OBJC_IMPLICIT_RETAIN_SELF = YES;
				CLANG_WARN_OBJC_LITERAL_CONVERSION = YES;
				CLANG_WARN_OBJC_ROOT_CLASS = YES_ERROR;
				CLANG_WARN_QUOTED_INCLUDE_IN_FRAMEWORK_HEADER = YES;
				CLANG_WARN_RANGE_LOOP_ANALYSIS = YES;
				CLANG_WARN_STRICT_PROTOTYPES = YES;
				CLANG_WARN_SUSPICIOUS_MOVE = YES;
				CLANG_WARN_UNGUARDED_AVAILABILITY = YES_AGGRESSIVE;
				CLANG_WARN_UNREACHABLE_CODE = YES;
				CLANG_WARN__DUPLICATE_METHOD_MATCH = YES;
				COPY_PHASE_STRIP = NO;
				DEBUG_INFORMATION_FORMAT = dwarf;
				ENABLE_STRICT_OBJC_MSGSEND = YES;
				ENABLE_TESTABILITY = YES;
				ENABLE_USER_SCRIPT_SANDBOXING = YES;
				GCC_C_LANGUAGE_STANDARD = gnu17;
				GCC_DYNAMIC_NO_PIC = NO;
				GCC_NO_COMMON_BLOCKS = YES;
				GCC_OPTIMIZATION_LEVEL = 0;
				GCC_PREPROCESSOR_DEFINITIONS = (
					"DEBUG=1",
					"$(inherited)",
				);
				GCC_WARN_64_TO_32_BIT_CONVERSION = YES;
				GCC_WARN_ABOUT_RETURN_TYPE = YES_ERROR;
				GCC_WARN_UNDECLARED_SELECTOR = YES;
				GCC_WARN_UNINITIALIZED_AUTOS = YES_AGGRESSIVE;
				GCC_WARN_UNUSED_FUNCTION = YES;
				GCC_WARN_UNUSED_VARIABLE = YES;
				LOCALIZATION_PREFERS_STRING_CATALOGS = YES;
				MTL_ENABLE_DEBUG_INFO = INCLUDE_SOURCE;
				MTL_FAST_MATH = YES;
				ONLY_ACTIVE_ARCH = YES;
				SWIFT_ACTIVE_COMPILATION_CONDITIONS = "DEBUG $(inherited)";
				SWIFT_OPTIMIZATION_LEVEL = "-Onone";
			};
			name = Debug;
		};
		8CFCDE942C14A49A00F934B0 /* Release */ = {
			isa = XCBuildConfiguration;
			buildSettings = {
				ALWAYS_SEARCH_USER_PATHS = NO;
				ASSETCATALOG_COMPILER_GENERATE_SWIFT_ASSET_SYMBOL_EXTENSIONS = YES;
				CLANG_ANALYZER_NONNULL = YES;
				CLANG_ANALYZER_NUMBER_OBJECT_CONVERSION = YES_AGGRESSIVE;
				CLANG_CXX_LANGUAGE_STANDARD = "gnu++20";
				CLANG_ENABLE_MODULES = YES;
				CLANG_ENABLE_OBJC_ARC = YES;
				CLANG_ENABLE_OBJC_WEAK = YES;
				CLANG_WARN_BLOCK_CAPTURE_AUTORELEASING = YES;
				CLANG_WARN_BOOL_CONVERSION = YES;
				CLANG_WARN_COMMA = YES;
				CLANG_WARN_CONSTANT_CONVERSION = YES;
				CLANG_WARN_DEPRECATED_OBJC_IMPLEMENTATIONS = YES;
				CLANG_WARN_DIRECT_OBJC_ISA_USAGE = YES_ERROR;
				CLANG_WARN_DOCUMENTATION_COMMENTS = YES;
				CLANG_WARN_EMPTY_BODY = YES;
				CLANG_WARN_ENUM_CONVERSION = YES;
				CLANG_WARN_INFINITE_RECURSION = YES;
				CLANG_WARN_INT_CONVERSION = YES;
				CLANG_WARN_NON_LITERAL_NULL_CONVERSION = YES;
				CLANG_WARN_OBJC_IMPLICIT_RETAIN_SELF = YES;
				CLANG_WARN_OBJC_LITERAL_CONVERSION = YES;
				CLANG_WARN_OBJC_ROOT_CLASS = YES_ERROR;
				CLANG_WARN_QUOTED_INCLUDE_IN_FRAMEWORK_HEADER = YES;
				CLANG_WARN_RANGE_LOOP_ANALYSIS = YES;
				CLANG_WARN_STRICT_PROTOTYPES = YES;
				CLANG_WARN_SUSPICIOUS_MOVE = YES;
				CLANG_WARN_UNGUARDED_AVAILABILITY = YES_AGGRESSIVE;
				CLANG_WARN_UNREACHABLE_CODE = YES;
				CLANG_WARN__DUPLICATE_METHOD_MATCH = YES;
				COPY_PHASE_STRIP = NO;
				DEBUG_INFORMATION_FORMAT = "dwarf-with-dsym";
				ENABLE_NS_ASSERTIONS = NO;
				ENABLE_STRICT_OBJC_MSGSEND = YES;
				ENABLE_USER_SCRIPT_SANDBOXING = YES;
				GCC_C_LANGUAGE_STANDARD = gnu17;
				GCC_NO_COMMON_BLOCKS = YES;
				GCC_WARN_64_TO_32_BIT_CONVERSION = YES;
				GCC_WARN_ABOUT_RETURN_TYPE = YES_ERROR;
				GCC_WARN_UNDECLARED_SELECTOR = YES;
				GCC_WARN_UNINITIALIZED_AUTOS = YES_AGGRESSIVE;
				GCC_WARN_UNUSED_FUNCTION = YES;
				GCC_WARN_UNUSED_VARIABLE = YES;
				LOCALIZATION_PREFERS_STRING_CATALOGS = YES;
				MTL_ENABLE_DEBUG_INFO = NO;
				MTL_FAST_MATH = YES;
				SWIFT_COMPILATION_MODE = wholemodule;
			};
			name = Release;
		};
		8CFCDE962C14A49A00F934B0 /* Debug */ = {
			isa = XCBuildConfiguration;
			buildSettings = {
				ASSETCATALOG_COMPILER_APPICON_NAME = AppIcon;
				ASSETCATALOG_COMPILER_GLOBAL_ACCENT_COLOR_NAME = AccentColor;
				CODE_SIGN_ENTITLEMENTS = WarsawTransit/WarsawTransit.entitlements;
				CODE_SIGN_STYLE = Automatic;
				CURRENT_PROJECT_VERSION = 1;
				DEVELOPMENT_ASSET_PATHS = "\"WarsawTransit/Preview Content\"";
				DEVELOPMENT_TEAM = N5WQX8LSAJ;
				ENABLE_HARDENED_RUNTIME = YES;
				ENABLE_PREVIEWS = YES;
				GENERATE_INFOPLIST_FILE = YES;
				INFOPLIST_KEY_CFBundleDisplayName = "Warsaw Transit";
				INFOPLIST_KEY_LSApplicationCategoryType = "public.app-category.travel";
				"INFOPLIST_KEY_UIApplicationSceneManifest_Generation[sdk=iphoneos*]" = YES;
				"INFOPLIST_KEY_UIApplicationSceneManifest_Generation[sdk=iphonesimulator*]" = YES;
				"INFOPLIST_KEY_UIApplicationSupportsIndirectInputEvents[sdk=iphoneos*]" = YES;
				"INFOPLIST_KEY_UIApplicationSupportsIndirectInputEvents[sdk=iphonesimulator*]" = YES;
				"INFOPLIST_KEY_UILaunchScreen_Generation[sdk=iphoneos*]" = YES;
				"INFOPLIST_KEY_UILaunchScreen_Generation[sdk=iphonesimulator*]" = YES;
				INFOPLIST_KEY_UIStatusBarStyle = "";
				"INFOPLIST_KEY_UIStatusBarStyle[sdk=iphoneos*]" = UIStatusBarStyleDefault;
				"INFOPLIST_KEY_UIStatusBarStyle[sdk=iphonesimulator*]" = UIStatusBarStyleDefault;
				INFOPLIST_KEY_UISupportedInterfaceOrientations = "UIInterfaceOrientationLandscapeLeft UIInterfaceOrientationLandscapeRight UIInterfaceOrientationPortrait";
				INFOPLIST_KEY_UISupportedInterfaceOrientations_iPad = "UIInterfaceOrientationLandscapeLeft UIInterfaceOrientationLandscapeRight UIInterfaceOrientationPortrait UIInterfaceOrientationPortraitUpsideDown";
				IPHONEOS_DEPLOYMENT_TARGET = 17.0;
				LD_RUNPATH_SEARCH_PATHS = "@executable_path/Frameworks";
				"LD_RUNPATH_SEARCH_PATHS[sdk=macosx*]" = "@executable_path/../Frameworks";
				MACOSX_DEPLOYMENT_TARGET = 14.2;
				MARKETING_VERSION = 1.0;
				PRODUCT_BUNDLE_IDENTIFIER = com.kuba.WarsawTransit;
				PRODUCT_NAME = "$(TARGET_NAME)";
				SDKROOT = auto;
				SUPPORTED_PLATFORMS = "iphoneos iphonesimulator";
				SUPPORTS_MACCATALYST = NO;
				SWIFT_EMIT_LOC_STRINGS = YES;
				SWIFT_VERSION = 5.0;
				TARGETED_DEVICE_FAMILY = "1,2";
			};
			name = Debug;
		};
		8CFCDE972C14A49A00F934B0 /* Release */ = {
			isa = XCBuildConfiguration;
			buildSettings = {
				ASSETCATALOG_COMPILER_APPICON_NAME = AppIcon;
				ASSETCATALOG_COMPILER_GLOBAL_ACCENT_COLOR_NAME = AccentColor;
				CODE_SIGN_ENTITLEMENTS = WarsawTransit/WarsawTransit.entitlements;
				CODE_SIGN_STYLE = Automatic;
				CURRENT_PROJECT_VERSION = 1;
				DEVELOPMENT_ASSET_PATHS = "\"WarsawTransit/Preview Content\"";
				DEVELOPMENT_TEAM = N5WQX8LSAJ;
				ENABLE_HARDENED_RUNTIME = YES;
				ENABLE_PREVIEWS = YES;
				GENERATE_INFOPLIST_FILE = YES;
				INFOPLIST_KEY_CFBundleDisplayName = "Warsaw Transit";
				INFOPLIST_KEY_LSApplicationCategoryType = "public.app-category.travel";
				"INFOPLIST_KEY_UIApplicationSceneManifest_Generation[sdk=iphoneos*]" = YES;
				"INFOPLIST_KEY_UIApplicationSceneManifest_Generation[sdk=iphonesimulator*]" = YES;
				"INFOPLIST_KEY_UIApplicationSupportsIndirectInputEvents[sdk=iphoneos*]" = YES;
				"INFOPLIST_KEY_UIApplicationSupportsIndirectInputEvents[sdk=iphonesimulator*]" = YES;
				"INFOPLIST_KEY_UILaunchScreen_Generation[sdk=iphoneos*]" = YES;
				"INFOPLIST_KEY_UILaunchScreen_Generation[sdk=iphonesimulator*]" = YES;
				INFOPLIST_KEY_UIStatusBarStyle = "";
				"INFOPLIST_KEY_UIStatusBarStyle[sdk=iphoneos*]" = UIStatusBarStyleDefault;
				"INFOPLIST_KEY_UIStatusBarStyle[sdk=iphonesimulator*]" = UIStatusBarStyleDefault;
				INFOPLIST_KEY_UISupportedInterfaceOrientations = "UIInterfaceOrientationLandscapeLeft UIInterfaceOrientationLandscapeRight UIInterfaceOrientationPortrait";
				INFOPLIST_KEY_UISupportedInterfaceOrientations_iPad = "UIInterfaceOrientationLandscapeLeft UIInterfaceOrientationLandscapeRight UIInterfaceOrientationPortrait UIInterfaceOrientationPortraitUpsideDown";
				IPHONEOS_DEPLOYMENT_TARGET = 17.0;
				LD_RUNPATH_SEARCH_PATHS = "@executable_path/Frameworks";
				"LD_RUNPATH_SEARCH_PATHS[sdk=macosx*]" = "@executable_path/../Frameworks";
				MACOSX_DEPLOYMENT_TARGET = 14.2;
				MARKETING_VERSION = 1.0;
				PRODUCT_BUNDLE_IDENTIFIER = com.kuba.WarsawTransit;
				PRODUCT_NAME = "$(TARGET_NAME)";
				SDKROOT = auto;
				SUPPORTED_PLATFORMS = "iphoneos iphonesimulator";
				SUPPORTS_MACCATALYST = NO;
				SWIFT_EMIT_LOC_STRINGS = YES;
				SWIFT_VERSION = 5.0;
				TARGETED_DEVICE_FAMILY = "1,2";
			};
			name = Release;
		};
/* End XCBuildConfiguration section */

/* Begin XCConfigurationList section */
		8CFCDE812C14A49900F934B0 /* Build configuration list for PBXProject "WarsawTransit" */ = {
			isa = XCConfigurationList;
			buildConfigurations = (
				8CFCDE932C14A49A00F934B0 /* Debug */,
				8CFCDE942C14A49A00F934B0 /* Release */,
			);
			defaultConfigurationIsVisible = 0;
			defaultConfigurationName = Release;
		};
		8CFCDE952C14A49A00F934B0 /* Build configuration list for PBXNativeTarget "WarsawTransit" */ = {
			isa = XCConfigurationList;
			buildConfigurations = (
				8CFCDE962C14A49A00F934B0 /* Debug */,
				8CFCDE972C14A49A00F934B0 /* Release */,
			);
			defaultConfigurationIsVisible = 0;
			defaultConfigurationName = Release;
		};
/* End XCConfigurationList section */
	};
	rootObject = 8CFCDE7E2C14A49900F934B0 /* Project object */;
}
